
Microsoft Visual Studio Solution File, Format Version 12.00
# Visual Studio 15
VisualStudioVersion = 15.0.28307.168
MinimumVisualStudioVersion = 10.0.40219.1
Project("{FAE04EC0-301F-11D3-BF4B-00C04F79EFBC}") = "Bloototh", "Bloototh\Bloototh.csproj", "{6E6AEDCD-6D41-4BA0-94CE-74C5645159F3}"
EndProject
Global
	GlobalSection(SolutionConfigurationPlatforms) = preSolution
		Debug|Any CPU = Debug|Any CPU
		Release|Any CPU = Release|Any CPU
	EndGlobalSection
	GlobalSection(ProjectConfigurationPlatforms) = postSolution
		{6E6AEDCD-6D41-4BA0-94CE-74C5645159F3}.Debug|Any CPU.ActiveCfg = Debug|Any CPU
		{6E6AEDCD-6D41-4BA0-94CE-74C5645159F3}.Debug|Any CPU.Build.0 = Debug|Any CPU
		{6E6AEDCD-6D41-4BA0-94CE-74C5645159F3}.Release|Any CPU.ActiveCfg = Release|Any CPU
		{6E6AEDCD-6D41-4BA0-94CE-74C5645159F3}.Release|Any CPU.Build.0 = Release|Any CPU
	EndGlobalSection
	GlobalSection(SolutionProperties) = preSolution
		HideSolutionNode = FALSE
	EndGlobalSection
	GlobalSection(ExtensibilityGlobals) = postSolution
		SolutionGuid = {150C6D51-984E-4765-AFA4-CB3ABB6DF252}
	EndGlobalSection
EndGlobal
